
Microsoft Visual Studio Solution File, Format Version 12.00
# Visual Studio Version 16
VisualStudioVersion = 16.0.32929.386
MinimumVisualStudioVersion = 10.0.40219.1
Project("{8BC9CEB8-8B4A-11D0-8D11-00A0C91BC942}") = "lab230131_namespace", "lab230131_namespace.vcxproj", "{78974014-2E6F-4FD0-84BF-52CDCC9ADD3F}"
EndProject
Global
	GlobalSection(SolutionConfigurationPlatforms) = preSolution
		Debug|x64 = Debug|x64
		Debug|x86 = Debug|x86
		Release|x64 = Release|x64
		Release|x86 = Release|x86
	EndGlobalSection
	GlobalSection(ProjectConfigurationPlatforms) = postSolution
		{78974014-2E6F-4FD0-84BF-52CDCC9ADD3F}.Debug|x64.ActiveCfg = Debug|x64
		{78974014-2E6F-4FD0-84BF-52CDCC9ADD3F}.Debug|x64.Build.0 = Debug|x64
		{78974014-2E6F-4FD0-84BF-52CDCC9ADD3F}.Debug|x86.ActiveCfg = Debug|Win32
		{78974014-2E6F-4FD0-84BF-52CDCC9ADD3F}.Debug|x86.Build.0 = Debug|Win32
		{78974014-2E6F-4FD0-84BF-52CDCC9ADD3F}.Release|x64.ActiveCfg = Release|x64
		{78974014-2E6F-4FD0-84BF-52CDCC9ADD3F}.Release|x64.Build.0 = Release|x64
		{78974014-2E6F-4FD0-84BF-52CDCC9ADD3F}.Release|x86.ActiveCfg = Release|Win32
		{78974014-2E6F-4FD0-84BF-52CDCC9ADD3F}.Release|x86.Build.0 = Release|Win32
	EndGlobalSection
	GlobalSection(SolutionProperties) = preSolution
		HideSolutionNode = FALSE
	EndGlobalSection
	GlobalSection(ExtensibilityGlobals) = postSolution
		SolutionGuid = {6ABE5207-5A94-4D6E-B494-B187DE42A286}
	EndGlobalSection
EndGlobal
